
Microsoft Visual Studio Solution File, Format Version 12.00
# Visual Studio Version 17
VisualStudioVersion = 17.9.34701.34
MinimumVisualStudioVersion = 10.0.40219.1
Project("{FAE04EC0-301F-11D3-BF4B-00C04F79EFBC}") = "ProyectoPizzaFinal", "ProyectoPizzaFinal\ProyectoPizzaFinal.csproj", "{1020DF32-C349-4398-9965-7ED3F9B6FA89}"
EndProject
Global
	GlobalSection(SolutionConfigurationPlatforms) = preSolution
		Debug|Any CPU = Debug|Any CPU
		Release|Any CPU = Release|Any CPU
	EndGlobalSection
	GlobalSection(ProjectConfigurationPlatforms) = postSolution
		{1020DF32-C349-4398-9965-7ED3F9B6FA89}.Debug|Any CPU.ActiveCfg = Debug|Any CPU
		{1020DF32-C349-4398-9965-7ED3F9B6FA89}.Debug|Any CPU.Build.0 = Debug|Any CPU
		{1020DF32-C349-4398-9965-7ED3F9B6FA89}.Release|Any CPU.ActiveCfg = Release|Any CPU
		{1020DF32-C349-4398-9965-7ED3F9B6FA89}.Release|Any CPU.Build.0 = Release|Any CPU
	EndGlobalSection
	GlobalSection(SolutionProperties) = preSolution
		HideSolutionNode = FALSE
	EndGlobalSection
	GlobalSection(ExtensibilityGlobals) = postSolution
		SolutionGuid = {4CCDFE4F-14BB-495D-8029-563126F5C3E6}
	EndGlobalSection
EndGlobal
